
Microsoft Visual Studio Solution File, Format Version 12.00
# Visual Studio Version 16
VisualStudioVersion = 16.0.29001.49
MinimumVisualStudioVersion = 10.0.40219.1
Project("{FAE04EC0-301F-11D3-BF4B-00C04F79EFBC}") = "Api2", "Api2\Api2.csproj", "{ABD8420E-A06D-4441-BDD3-30DBCE118A17}"
EndProject
Global
	GlobalSection(SolutionConfigurationPlatforms) = preSolution
		Debug|Any CPU = Debug|Any CPU
		Release|Any CPU = Release|Any CPU
	EndGlobalSection
	GlobalSection(ProjectConfigurationPlatforms) = postSolution
		{ABD8420E-A06D-4441-BDD3-30DBCE118A17}.Debug|Any CPU.ActiveCfg = Debug|Any CPU
		{ABD8420E-A06D-4441-BDD3-30DBCE118A17}.Debug|Any CPU.Build.0 = Debug|Any CPU
		{ABD8420E-A06D-4441-BDD3-30DBCE118A17}.Release|Any CPU.ActiveCfg = Release|Any CPU
		{ABD8420E-A06D-4441-BDD3-30DBCE118A17}.Release|Any CPU.Build.0 = Release|Any CPU
	EndGlobalSection
	GlobalSection(SolutionProperties) = preSolution
		HideSolutionNode = FALSE
	EndGlobalSection
	GlobalSection(ExtensibilityGlobals) = postSolution
		SolutionGuid = {074330E6-5F3C-4EB7-BE87-16001140FBF7}
	EndGlobalSection
EndGlobal
